
Microsoft Visual Studio Solution File, Format Version 12.00
# Visual Studio Version 16
VisualStudioVersion = 16.0.31727.386
MinimumVisualStudioVersion = 10.0.40219.1
Project("{FAE04EC0-301F-11D3-BF4B-00C04F79EFBC}") = "ServiceMtk-P1-20190140097", "ServiceMtk-P1-20190140097.csproj", "{3DF4E4B1-DA6D-4F36-B067-E450CAA9A1D2}"
EndProject
Global
	GlobalSection(SolutionConfigurationPlatforms) = preSolution
		Debug|Any CPU = Debug|Any CPU
		Release|Any CPU = Release|Any CPU
	EndGlobalSection
	GlobalSection(ProjectConfigurationPlatforms) = postSolution
		{3DF4E4B1-DA6D-4F36-B067-E450CAA9A1D2}.Debug|Any CPU.ActiveCfg = Debug|Any CPU
		{3DF4E4B1-DA6D-4F36-B067-E450CAA9A1D2}.Debug|Any CPU.Build.0 = Debug|Any CPU
		{3DF4E4B1-DA6D-4F36-B067-E450CAA9A1D2}.Release|Any CPU.ActiveCfg = Release|Any CPU
		{3DF4E4B1-DA6D-4F36-B067-E450CAA9A1D2}.Release|Any CPU.Build.0 = Release|Any CPU
	EndGlobalSection
	GlobalSection(SolutionProperties) = preSolution
		HideSolutionNode = FALSE
	EndGlobalSection
	GlobalSection(ExtensibilityGlobals) = postSolution
		SolutionGuid = {D86B0639-767A-4D15-BCDE-15914040A7AE}
	EndGlobalSection
EndGlobal
